
Microsoft Visual Studio Solution File, Format Version 12.00
# Visual Studio Version 17
VisualStudioVersion = 17.4.33122.133
MinimumVisualStudioVersion = 10.0.40219.1
Project("{FAE04EC0-301F-11D3-BF4B-00C04F79EFBC}") = "WebApplication1", "WebApplication1\WebApplication1.csproj", "{3105EB11-A598-4312-B108-F6EEA3A4A8B2}"
EndProject
Global
	GlobalSection(SolutionConfigurationPlatforms) = preSolution
		Debug|Any CPU = Debug|Any CPU
		Release|Any CPU = Release|Any CPU
	EndGlobalSection
	GlobalSection(ProjectConfigurationPlatforms) = postSolution
		{3105EB11-A598-4312-B108-F6EEA3A4A8B2}.Debug|Any CPU.ActiveCfg = Debug|Any CPU
		{3105EB11-A598-4312-B108-F6EEA3A4A8B2}.Debug|Any CPU.Build.0 = Debug|Any CPU
		{3105EB11-A598-4312-B108-F6EEA3A4A8B2}.Release|Any CPU.ActiveCfg = Release|Any CPU
		{3105EB11-A598-4312-B108-F6EEA3A4A8B2}.Release|Any CPU.Build.0 = Release|Any CPU
	EndGlobalSection
	GlobalSection(SolutionProperties) = preSolution
		HideSolutionNode = FALSE
	EndGlobalSection
	GlobalSection(ExtensibilityGlobals) = postSolution
		SolutionGuid = {3435CD6A-C4C8-4D64-B743-1E16C265F638}
	EndGlobalSection
EndGlobal
