
Microsoft Visual Studio Solution File, Format Version 12.00
# Visual Studio Version 17
VisualStudioVersion = 17.4.33122.133
MinimumVisualStudioVersion = 10.0.40219.1
Project("{FAE04EC0-301F-11D3-BF4B-00C04F79EFBC}") = "WebApiPractise22", "WebApiPractise22\WebApiPractise22.csproj", "{160C0904-33F2-4DEB-8E88-390ED489D109}"
EndProject
Global
	GlobalSection(SolutionConfigurationPlatforms) = preSolution
		Debug|Any CPU = Debug|Any CPU
		Release|Any CPU = Release|Any CPU
	EndGlobalSection
	GlobalSection(ProjectConfigurationPlatforms) = postSolution
		{160C0904-33F2-4DEB-8E88-390ED489D109}.Debug|Any CPU.ActiveCfg = Debug|Any CPU
		{160C0904-33F2-4DEB-8E88-390ED489D109}.Debug|Any CPU.Build.0 = Debug|Any CPU
		{160C0904-33F2-4DEB-8E88-390ED489D109}.Release|Any CPU.ActiveCfg = Release|Any CPU
		{160C0904-33F2-4DEB-8E88-390ED489D109}.Release|Any CPU.Build.0 = Release|Any CPU
	EndGlobalSection
	GlobalSection(SolutionProperties) = preSolution
		HideSolutionNode = FALSE
	EndGlobalSection
	GlobalSection(ExtensibilityGlobals) = postSolution
		SolutionGuid = {F3A79C72-BE2F-45AE-8691-96912FDBA753}
	EndGlobalSection
EndGlobal
